<?xml version="1.0" encoding="utf-8"?>
<Project ToolsVersion="4.0" xmlns="http://schemas.microsoft.com/developer/msbuild/2003">
  <ItemGroup>
    <Filter Include="源文件">
      <UniqueIdentifier>{4FC737F1-C7A5-4376-A066-2A32D752A2FF}</UniqueIdentifier>
      <Extensions>cpp;c;cc;cxx;c++;cppm;ixx;def;odl;idl;hpj;bat;asm;asmx</Extensions>
    </Filter>
    <Filter Include="头文件">
      <UniqueIdentifier>{93995380-89BD-4b04-88EB-625FBE52EBFB}</UniqueIdentifier>
      <Extensions>h;hh;hpp;hxx;h++;hm;inl;inc;ipp;xsd</Extensions>
    </Filter>
    <Filter Include="资源文件">
      <UniqueIdentifier>{67DA6AB6-F800-4c08-8B7A-83BB121AAD01}</UniqueIdentifier>
      <Extensions>rc;ico;cur;bmp;dlg;rc2;rct;bin;rgs;gif;jpg;jpeg;jpe;resx;tiff;tif;png;wav;mfcribbon-ms</Extensions>
    </Filter>
    <Filter Include="头文件\container">
      <UniqueIdentifier>{04cca97c-c104-46b8-af79-dd0c5497fe63}</UniqueIdentifier>
    </Filter>
    <Filter Include="头文件\stl">
      <UniqueIdentifier>{ab1b9897-b95f-4518-a4de-5730fb3ed3d9}</UniqueIdentifier>
    </Filter>
    <Filter Include="头文件\oop">
      <UniqueIdentifier>{5c836c61-e45f-4823-b719-39d75cf99b8a}</UniqueIdentifier>
    </Filter>
    <Filter Include="头文件\lang">
      <UniqueIdentifier>{80ad22b3-1e2d-4fc5-bf59-6f1948ea223a}</UniqueIdentifier>
    </Filter>
  </ItemGroup>
  <ItemGroup>
    <ClInclude Include="_exception.h">
      <Filter>头文件</Filter>
    </ClInclude>
    <ClInclude Include="_bitset.h">
      <Filter>头文件\stl</Filter>
    </ClInclude>
    <ClInclude Include="_class.h">
      <Filter>头文件\oop</Filter>
    </ClInclude>
    <ClInclude Include="_lambda.h">
      <Filter>头文件\lang</Filter>
    </ClInclude>
    <ClInclude Include="_vector.h">
      <Filter>头文件\container</Filter>
    </ClInclude>
  </ItemGroup>
  <ItemGroup>
    <ClCompile Include="main.cpp">
      <Filter>源文件</Filter>
    </ClCompile>
  </ItemGroup>
</Project>