
Microsoft Visual Studio Solution File, Format Version 12.00
# Visual Studio Version 17
VisualStudioVersion = 17.6.33815.320
MinimumVisualStudioVersion = 10.0.40219.1
Project("{8BC9CEB8-8B4A-11D0-8D11-00A0C91BC942}") = "22-DP", "DP\DP.vcxproj", "{C0D6946C-A1B3-413B-A14B-4B540334499F}"
EndProject
Project("{8BC9CEB8-8B4A-11D0-8D11-00A0C91BC942}") = "25-B+Tree", "B+Tree\B+Tree.vcxproj", "{6D111EF4-FF58-47B5-BB86-69081515FD10}"
EndProject
Project("{8BC9CEB8-8B4A-11D0-8D11-00A0C91BC942}") = "testc", "testc\testc.vcxproj", "{2AD69054-33AD-4B24-88D3-5D1745216B8A}"
EndProject
Project("{8BC9CEB8-8B4A-11D0-8D11-00A0C91BC942}") = "testcpp", "testcpp\testcpp.vcxproj", "{D45B4924-58F2-4AF5-A22E-DA0184C502DF}"
EndProject
Project("{8BC9CEB8-8B4A-11D0-8D11-00A0C91BC942}") = "01-ArrayList", "ArrayList\ArrayList.vcxproj", "{96D6C52D-10BE-4AB7-B7AB-44155F84B503}"
EndProject
Project("{8BC9CEB8-8B4A-11D0-8D11-00A0C91BC942}") = "06-AVLTree", "AVLTree\AVLTree.vcxproj", "{47345CB6-5214-497C-A9F6-86F147311B4A}"
EndProject
Project("{8BC9CEB8-8B4A-11D0-8D11-00A0C91BC942}") = "18-Backtrace", "Backtrace\Backtrace.vcxproj", "{546C2C55-5823-40F3-80A6-3C406565F662}"
EndProject
Project("{8BC9CEB8-8B4A-11D0-8D11-00A0C91BC942}") = "23-BloomFilter", "BloomFilter\BloomFilter.vcxproj", "{A1019B4D-47A7-425A-BC37-6DD56E6D8BA8}"
EndProject
Project("{8BC9CEB8-8B4A-11D0-8D11-00A0C91BC942}") = "05-bst", "bst\bst.vcxproj", "{FA800CC7-6FC9-4F13-A682-3959DF95DC1E}"
EndProject
Project("{8BC9CEB8-8B4A-11D0-8D11-00A0C91BC942}") = "07-BTree", "BTree\BTree.vcxproj", "{E323484A-AED5-4E69-9DF5-C4C220476ADB}"
EndProject
Project("{8BC9CEB8-8B4A-11D0-8D11-00A0C91BC942}") = "16-DisjointSet", "DisjointSet\DisjointSet.vcxproj", "{F774B069-275C-4BD7-9935-9064A2642E46}"
EndProject
Project("{8BC9CEB8-8B4A-11D0-8D11-00A0C91BC942}") = "21-divconq", "divconq\divconq.vcxproj", "{E7900128-3D4A-4C0F-B355-4B9CDB3B8A61}"
EndProject
Project("{8BC9CEB8-8B4A-11D0-8D11-00A0C91BC942}") = "17-Graph", "Graph\Graph.vcxproj", "{4B795E36-D290-482A-9C02-5773823B77E1}"
EndProject
Project("{8BC9CEB8-8B4A-11D0-8D11-00A0C91BC942}") = "20-Greedy", "Greedy\Greedy.vcxproj", "{FB3FF1D6-FABE-45DA-AE70-7600334C1B9E}"
EndProject
Project("{8BC9CEB8-8B4A-11D0-8D11-00A0C91BC942}") = "11-Heap", "Heap\Heap.vcxproj", "{351D4FB4-B790-4814-9F8C-9F4E5D0092FE}"
EndProject
Project("{8BC9CEB8-8B4A-11D0-8D11-00A0C91BC942}") = "13-HuffmanTree3", "HuffmanTree3\HuffmanTree3.vcxproj", "{9958D1A8-09C1-4742-9C76-46CEF2E675F0}"
EndProject
Project("{8BC9CEB8-8B4A-11D0-8D11-00A0C91BC942}") = "13-HuffmanTree2", "HuffmanTree2\HuffmanTree2.vcxproj", "{C7768976-0DFF-4F64-BA04-B702C6366FBA}"
EndProject
Project("{8BC9CEB8-8B4A-11D0-8D11-00A0C91BC942}") = "13-HuffmanTree4", "HuffmanTree4\HuffmanTree4.vcxproj", "{0EBD7782-19AA-4D07-92F9-6875A620824A}"
EndProject
Project("{8BC9CEB8-8B4A-11D0-8D11-00A0C91BC942}") = "02-Linkedlist", "Linkedlist\Linkedlist.vcxproj", "{E99AB508-1AF6-47DE-82D2-247BA4E817C8}"
EndProject
Project("{8BC9CEB8-8B4A-11D0-8D11-00A0C91BC942}") = "09-Map", "Map\Map.vcxproj", "{EC37C220-2733-4582-B9DA-3057025DC3D8}"
EndProject
Project("{8BC9CEB8-8B4A-11D0-8D11-00A0C91BC942}") = "12-PriorityQueue", "PriorityQueue\PriorityQueue.vcxproj", "{F9C72F52-C3E6-4767-BD9E-D3972695ADA2}"
EndProject
Project("{8BC9CEB8-8B4A-11D0-8D11-00A0C91BC942}") = "04-Queue", "Queue\Queue.vcxproj", "{5737818B-B69A-4862-8144-F61E6B2CD370}"
EndProject
Project("{8BC9CEB8-8B4A-11D0-8D11-00A0C91BC942}") = "08-RBTree", "RBTree\RBTree.vcxproj", "{A481DB5C-00BE-4129-9A9B-5E2DEA437C27}"
EndProject
Project("{8BC9CEB8-8B4A-11D0-8D11-00A0C91BC942}") = "19-Recursion", "Recursion\Recursion.vcxproj", "{F9FF4258-A80B-4E84-9BDD-2BB7DB06DC74}"
EndProject
Project("{8BC9CEB8-8B4A-11D0-8D11-00A0C91BC942}") = "10-Set", "Set\Set.vcxproj", "{5A848269-89AA-481C-972C-12954DA97BE9}"
EndProject
Project("{8BC9CEB8-8B4A-11D0-8D11-00A0C91BC942}") = "24-SkipList", "SkipList\SkipList.vcxproj", "{0D503A09-25EF-45A6-8EF3-D6D83EF574A7}"
EndProject
Project("{8BC9CEB8-8B4A-11D0-8D11-00A0C91BC942}") = "15-Sort", "Sort\Sort.vcxproj", "{FD6EE36C-C392-470D-8B44-D11CCB919B1D}"
EndProject
Project("{8BC9CEB8-8B4A-11D0-8D11-00A0C91BC942}") = "03-Stack", "Stack\Stack.vcxproj", "{8C4204EB-720F-4125-9585-528C9FF70A7F}"
EndProject
Project("{8BC9CEB8-8B4A-11D0-8D11-00A0C91BC942}") = "26-String", "String\String.vcxproj", "{62FDA90E-B583-4DC4-87E5-5169576A8E50}"
EndProject
Project("{8BC9CEB8-8B4A-11D0-8D11-00A0C91BC942}") = "14-Trie", "Trie\Trie.vcxproj", "{F00515EE-F33C-4B1A-A995-34CD7A302E66}"
EndProject
Project("{8BC9CEB8-8B4A-11D0-8D11-00A0C91BC942}") = "HuffmanTree", "HuffmanTree\HuffmanTree.vcxproj", "{1D76E422-31E6-4AC1-92D7-3A4AEA191AC8}"
EndProject
Global
	GlobalSection(SolutionConfigurationPlatforms) = preSolution
		Debug|x64 = Debug|x64
		Debug|x86 = Debug|x86
		Release|x64 = Release|x64
		Release|x86 = Release|x86
	EndGlobalSection
	GlobalSection(ProjectConfigurationPlatforms) = postSolution
		{C0D6946C-A1B3-413B-A14B-4B540334499F}.Debug|x64.ActiveCfg = Debug|x64
		{C0D6946C-A1B3-413B-A14B-4B540334499F}.Debug|x64.Build.0 = Debug|x64
		{C0D6946C-A1B3-413B-A14B-4B540334499F}.Debug|x86.ActiveCfg = Debug|Win32
		{C0D6946C-A1B3-413B-A14B-4B540334499F}.Debug|x86.Build.0 = Debug|Win32
		{C0D6946C-A1B3-413B-A14B-4B540334499F}.Release|x64.ActiveCfg = Release|x64
		{C0D6946C-A1B3-413B-A14B-4B540334499F}.Release|x64.Build.0 = Release|x64
		{C0D6946C-A1B3-413B-A14B-4B540334499F}.Release|x86.ActiveCfg = Release|Win32
		{C0D6946C-A1B3-413B-A14B-4B540334499F}.Release|x86.Build.0 = Release|Win32
		{6D111EF4-FF58-47B5-BB86-69081515FD10}.Debug|x64.ActiveCfg = Debug|x64
		{6D111EF4-FF58-47B5-BB86-69081515FD10}.Debug|x64.Build.0 = Debug|x64
		{6D111EF4-FF58-47B5-BB86-69081515FD10}.Debug|x86.ActiveCfg = Debug|Win32
		{6D111EF4-FF58-47B5-BB86-69081515FD10}.Debug|x86.Build.0 = Debug|Win32
		{6D111EF4-FF58-47B5-BB86-69081515FD10}.Release|x64.ActiveCfg = Release|x64
		{6D111EF4-FF58-47B5-BB86-69081515FD10}.Release|x64.Build.0 = Release|x64
		{6D111EF4-FF58-47B5-BB86-69081515FD10}.Release|x86.ActiveCfg = Release|Win32
		{6D111EF4-FF58-47B5-BB86-69081515FD10}.Release|x86.Build.0 = Release|Win32
		{2AD69054-33AD-4B24-88D3-5D1745216B8A}.Debug|x64.ActiveCfg = Debug|x64
		{2AD69054-33AD-4B24-88D3-5D1745216B8A}.Debug|x64.Build.0 = Debug|x64
		{2AD69054-33AD-4B24-88D3-5D1745216B8A}.Debug|x86.ActiveCfg = Debug|Win32
		{2AD69054-33AD-4B24-88D3-5D1745216B8A}.Debug|x86.Build.0 = Debug|Win32
		{2AD69054-33AD-4B24-88D3-5D1745216B8A}.Release|x64.ActiveCfg = Release|x64
		{2AD69054-33AD-4B24-88D3-5D1745216B8A}.Release|x64.Build.0 = Release|x64
		{2AD69054-33AD-4B24-88D3-5D1745216B8A}.Release|x86.ActiveCfg = Release|Win32
		{2AD69054-33AD-4B24-88D3-5D1745216B8A}.Release|x86.Build.0 = Release|Win32
		{D45B4924-58F2-4AF5-A22E-DA0184C502DF}.Debug|x64.ActiveCfg = Debug|x64
		{D45B4924-58F2-4AF5-A22E-DA0184C502DF}.Debug|x64.Build.0 = Debug|x64
		{D45B4924-58F2-4AF5-A22E-DA0184C502DF}.Debug|x86.ActiveCfg = Debug|Win32
		{D45B4924-58F2-4AF5-A22E-DA0184C502DF}.Debug|x86.Build.0 = Debug|Win32
		{D45B4924-58F2-4AF5-A22E-DA0184C502DF}.Release|x64.ActiveCfg = Release|x64
		{D45B4924-58F2-4AF5-A22E-DA0184C502DF}.Release|x64.Build.0 = Release|x64
		{D45B4924-58F2-4AF5-A22E-DA0184C502DF}.Release|x86.ActiveCfg = Release|Win32
		{D45B4924-58F2-4AF5-A22E-DA0184C502DF}.Release|x86.Build.0 = Release|Win32
		{96D6C52D-10BE-4AB7-B7AB-44155F84B503}.Debug|x64.ActiveCfg = Debug|x64
		{96D6C52D-10BE-4AB7-B7AB-44155F84B503}.Debug|x64.Build.0 = Debug|x64
		{96D6C52D-10BE-4AB7-B7AB-44155F84B503}.Debug|x86.ActiveCfg = Debug|Win32
		{96D6C52D-10BE-4AB7-B7AB-44155F84B503}.Debug|x86.Build.0 = Debug|Win32
		{96D6C52D-10BE-4AB7-B7AB-44155F84B503}.Release|x64.ActiveCfg = Release|x64
		{96D6C52D-10BE-4AB7-B7AB-44155F84B503}.Release|x64.Build.0 = Release|x64
		{96D6C52D-10BE-4AB7-B7AB-44155F84B503}.Release|x86.ActiveCfg = Release|Win32
		{96D6C52D-10BE-4AB7-B7AB-44155F84B503}.Release|x86.Build.0 = Release|Win32
		{47345CB6-5214-497C-A9F6-86F147311B4A}.Debug|x64.ActiveCfg = Debug|x64
		{47345CB6-5214-497C-A9F6-86F147311B4A}.Debug|x64.Build.0 = Debug|x64
		{47345CB6-5214-497C-A9F6-86F147311B4A}.Debug|x86.ActiveCfg = Debug|Win32
		{47345CB6-5214-497C-A9F6-86F147311B4A}.Debug|x86.Build.0 = Debug|Win32
		{47345CB6-5214-497C-A9F6-86F147311B4A}.Release|x64.ActiveCfg = Release|x64
		{47345CB6-5214-497C-A9F6-86F147311B4A}.Release|x64.Build.0 = Release|x64
		{47345CB6-5214-497C-A9F6-86F147311B4A}.Release|x86.ActiveCfg = Release|Win32
		{47345CB6-5214-497C-A9F6-86F147311B4A}.Release|x86.Build.0 = Release|Win32
		{546C2C55-5823-40F3-80A6-3C406565F662}.Debug|x64.ActiveCfg = Debug|x64
		{546C2C55-5823-40F3-80A6-3C406565F662}.Debug|x64.Build.0 = Debug|x64
		{546C2C55-5823-40F3-80A6-3C406565F662}.Debug|x86.ActiveCfg = Debug|Win32
		{546C2C55-5823-40F3-80A6-3C406565F662}.Debug|x86.Build.0 = Debug|Win32
		{546C2C55-5823-40F3-80A6-3C406565F662}.Release|x64.ActiveCfg = Release|x64
		{546C2C55-5823-40F3-80A6-3C406565F662}.Release|x64.Build.0 = Release|x64
		{546C2C55-5823-40F3-80A6-3C406565F662}.Release|x86.ActiveCfg = Release|Win32
		{546C2C55-5823-40F3-80A6-3C406565F662}.Release|x86.Build.0 = Release|Win32
		{A1019B4D-47A7-425A-BC37-6DD56E6D8BA8}.Debug|x64.ActiveCfg = Debug|x64
		{A1019B4D-47A7-425A-BC37-6DD56E6D8BA8}.Debug|x64.Build.0 = Debug|x64
		{A1019B4D-47A7-425A-BC37-6DD56E6D8BA8}.Debug|x86.ActiveCfg = Debug|Win32
		{A1019B4D-47A7-425A-BC37-6DD56E6D8BA8}.Debug|x86.Build.0 = Debug|Win32
		{A1019B4D-47A7-425A-BC37-6DD56E6D8BA8}.Release|x64.ActiveCfg = Release|x64
		{A1019B4D-47A7-425A-BC37-6DD56E6D8BA8}.Release|x64.Build.0 = Release|x64
		{A1019B4D-47A7-425A-BC37-6DD56E6D8BA8}.Release|x86.ActiveCfg = Release|Win32
		{A1019B4D-47A7-425A-BC37-6DD56E6D8BA8}.Release|x86.Build.0 = Release|Win32
		{FA800CC7-6FC9-4F13-A682-3959DF95DC1E}.Debug|x64.ActiveCfg = Debug|x64
		{FA800CC7-6FC9-4F13-A682-3959DF95DC1E}.Debug|x64.Build.0 = Debug|x64
		{FA800CC7-6FC9-4F13-A682-3959DF95DC1E}.Debug|x86.ActiveCfg = Debug|Win32
		{FA800CC7-6FC9-4F13-A682-3959DF95DC1E}.Debug|x86.Build.0 = Debug|Win32
		{FA800CC7-6FC9-4F13-A682-3959DF95DC1E}.Release|x64.ActiveCfg = Release|x64
		{FA800CC7-6FC9-4F13-A682-3959DF95DC1E}.Release|x64.Build.0 = Release|x64
		{FA800CC7-6FC9-4F13-A682-3959DF95DC1E}.Release|x86.ActiveCfg = Release|Win32
		{FA800CC7-6FC9-4F13-A682-3959DF95DC1E}.Release|x86.Build.0 = Release|Win32
		{E323484A-AED5-4E69-9DF5-C4C220476ADB}.Debug|x64.ActiveCfg = Debug|x64
		{E323484A-AED5-4E69-9DF5-C4C220476ADB}.Debug|x64.Build.0 = Debug|x64
		{E323484A-AED5-4E69-9DF5-C4C220476ADB}.Debug|x86.ActiveCfg = Debug|Win32
		{E323484A-AED5-4E69-9DF5-C4C220476ADB}.Debug|x86.Build.0 = Debug|Win32
		{E323484A-AED5-4E69-9DF5-C4C220476ADB}.Release|x64.ActiveCfg = Release|x64
		{E323484A-AED5-4E69-9DF5-C4C220476ADB}.Release|x64.Build.0 = Release|x64
		{E323484A-AED5-4E69-9DF5-C4C220476ADB}.Release|x86.ActiveCfg = Release|Win32
		{E323484A-AED5-4E69-9DF5-C4C220476ADB}.Release|x86.Build.0 = Release|Win32
		{F774B069-275C-4BD7-9935-9064A2642E46}.Debug|x64.ActiveCfg = Debug|x64
		{F774B069-275C-4BD7-9935-9064A2642E46}.Debug|x64.Build.0 = Debug|x64
		{F774B069-275C-4BD7-9935-9064A2642E46}.Debug|x86.ActiveCfg = Debug|Win32
		{F774B069-275C-4BD7-9935-9064A2642E46}.Debug|x86.Build.0 = Debug|Win32
		{F774B069-275C-4BD7-9935-9064A2642E46}.Release|x64.ActiveCfg = Release|x64
		{F774B069-275C-4BD7-9935-9064A2642E46}.Release|x64.Build.0 = Release|x64
		{F774B069-275C-4BD7-9935-9064A2642E46}.Release|x86.ActiveCfg = Release|Win32
		{F774B069-275C-4BD7-9935-9064A2642E46}.Release|x86.Build.0 = Release|Win32
		{E7900128-3D4A-4C0F-B355-4B9CDB3B8A61}.Debug|x64.ActiveCfg = Debug|x64
		{E7900128-3D4A-4C0F-B355-4B9CDB3B8A61}.Debug|x64.Build.0 = Debug|x64
		{E7900128-3D4A-4C0F-B355-4B9CDB3B8A61}.Debug|x86.ActiveCfg = Debug|Win32
		{E7900128-3D4A-4C0F-B355-4B9CDB3B8A61}.Debug|x86.Build.0 = Debug|Win32
		{E7900128-3D4A-4C0F-B355-4B9CDB3B8A61}.Release|x64.ActiveCfg = Release|x64
		{E7900128-3D4A-4C0F-B355-4B9CDB3B8A61}.Release|x64.Build.0 = Release|x64
		{E7900128-3D4A-4C0F-B355-4B9CDB3B8A61}.Release|x86.ActiveCfg = Release|Win32
		{E7900128-3D4A-4C0F-B355-4B9CDB3B8A61}.Release|x86.Build.0 = Release|Win32
		{4B795E36-D290-482A-9C02-5773823B77E1}.Debug|x64.ActiveCfg = Debug|x64
		{4B795E36-D290-482A-9C02-5773823B77E1}.Debug|x64.Build.0 = Debug|x64
		{4B795E36-D290-482A-9C02-5773823B77E1}.Debug|x86.ActiveCfg = Debug|Win32
		{4B795E36-D290-482A-9C02-5773823B77E1}.Debug|x86.Build.0 = Debug|Win32
		{4B795E36-D290-482A-9C02-5773823B77E1}.Release|x64.ActiveCfg = Release|x64
		{4B795E36-D290-482A-9C02-5773823B77E1}.Release|x64.Build.0 = Release|x64
		{4B795E36-D290-482A-9C02-5773823B77E1}.Release|x86.ActiveCfg = Release|Win32
		{4B795E36-D290-482A-9C02-5773823B77E1}.Release|x86.Build.0 = Release|Win32
		{FB3FF1D6-FABE-45DA-AE70-7600334C1B9E}.Debug|x64.ActiveCfg = Debug|x64
		{FB3FF1D6-FABE-45DA-AE70-7600334C1B9E}.Debug|x64.Build.0 = Debug|x64
		{FB3FF1D6-FABE-45DA-AE70-7600334C1B9E}.Debug|x86.ActiveCfg = Debug|Win32
		{FB3FF1D6-FABE-45DA-AE70-7600334C1B9E}.Debug|x86.Build.0 = Debug|Win32
		{FB3FF1D6-FABE-45DA-AE70-7600334C1B9E}.Release|x64.ActiveCfg = Release|x64
		{FB3FF1D6-FABE-45DA-AE70-7600334C1B9E}.Release|x64.Build.0 = Release|x64
		{FB3FF1D6-FABE-45DA-AE70-7600334C1B9E}.Release|x86.ActiveCfg = Release|Win32
		{FB3FF1D6-FABE-45DA-AE70-7600334C1B9E}.Release|x86.Build.0 = Release|Win32
		{351D4FB4-B790-4814-9F8C-9F4E5D0092FE}.Debug|x64.ActiveCfg = Debug|x64
		{351D4FB4-B790-4814-9F8C-9F4E5D0092FE}.Debug|x64.Build.0 = Debug|x64
		{351D4FB4-B790-4814-9F8C-9F4E5D0092FE}.Debug|x86.ActiveCfg = Debug|Win32
		{351D4FB4-B790-4814-9F8C-9F4E5D0092FE}.Debug|x86.Build.0 = Debug|Win32
		{351D4FB4-B790-4814-9F8C-9F4E5D0092FE}.Release|x64.ActiveCfg = Release|x64
		{351D4FB4-B790-4814-9F8C-9F4E5D0092FE}.Release|x64.Build.0 = Release|x64
		{351D4FB4-B790-4814-9F8C-9F4E5D0092FE}.Release|x86.ActiveCfg = Release|Win32
		{351D4FB4-B790-4814-9F8C-9F4E5D0092FE}.Release|x86.Build.0 = Release|Win32
		{9958D1A8-09C1-4742-9C76-46CEF2E675F0}.Debug|x64.ActiveCfg = Debug|x64
		{9958D1A8-09C1-4742-9C76-46CEF2E675F0}.Debug|x64.Build.0 = Debug|x64
		{9958D1A8-09C1-4742-9C76-46CEF2E675F0}.Debug|x86.ActiveCfg = Debug|Win32
		{9958D1A8-09C1-4742-9C76-46CEF2E675F0}.Debug|x86.Build.0 = Debug|Win32
		{9958D1A8-09C1-4742-9C76-46CEF2E675F0}.Release|x64.ActiveCfg = Release|x64
		{9958D1A8-09C1-4742-9C76-46CEF2E675F0}.Release|x64.Build.0 = Release|x64
		{9958D1A8-09C1-4742-9C76-46CEF2E675F0}.Release|x86.ActiveCfg = Release|Win32
		{9958D1A8-09C1-4742-9C76-46CEF2E675F0}.Release|x86.Build.0 = Release|Win32
		{C7768976-0DFF-4F64-BA04-B702C6366FBA}.Debug|x64.ActiveCfg = Debug|x64
		{C7768976-0DFF-4F64-BA04-B702C6366FBA}.Debug|x64.Build.0 = Debug|x64
		{C7768976-0DFF-4F64-BA04-B702C6366FBA}.Debug|x86.ActiveCfg = Debug|Win32
		{C7768976-0DFF-4F64-BA04-B702C6366FBA}.Debug|x86.Build.0 = Debug|Win32
		{C7768976-0DFF-4F64-BA04-B702C6366FBA}.Release|x64.ActiveCfg = Release|x64
		{C7768976-0DFF-4F64-BA04-B702C6366FBA}.Release|x64.Build.0 = Release|x64
		{C7768976-0DFF-4F64-BA04-B702C6366FBA}.Release|x86.ActiveCfg = Release|Win32
		{C7768976-0DFF-4F64-BA04-B702C6366FBA}.Release|x86.Build.0 = Release|Win32
		{0EBD7782-19AA-4D07-92F9-6875A620824A}.Debug|x64.ActiveCfg = Debug|x64
		{0EBD7782-19AA-4D07-92F9-6875A620824A}.Debug|x64.Build.0 = Debug|x64
		{0EBD7782-19AA-4D07-92F9-6875A620824A}.Debug|x86.ActiveCfg = Debug|Win32
		{0EBD7782-19AA-4D07-92F9-6875A620824A}.Debug|x86.Build.0 = Debug|Win32
		{0EBD7782-19AA-4D07-92F9-6875A620824A}.Release|x64.ActiveCfg = Release|x64
		{0EBD7782-19AA-4D07-92F9-6875A620824A}.Release|x64.Build.0 = Release|x64
		{0EBD7782-19AA-4D07-92F9-6875A620824A}.Release|x86.ActiveCfg = Release|Win32
		{0EBD7782-19AA-4D07-92F9-6875A620824A}.Release|x86.Build.0 = Release|Win32
		{E99AB508-1AF6-47DE-82D2-247BA4E817C8}.Debug|x64.ActiveCfg = Debug|x64
		{E99AB508-1AF6-47DE-82D2-247BA4E817C8}.Debug|x64.Build.0 = Debug|x64
		{E99AB508-1AF6-47DE-82D2-247BA4E817C8}.Debug|x86.ActiveCfg = Debug|Win32
		{E99AB508-1AF6-47DE-82D2-247BA4E817C8}.Debug|x86.Build.0 = Debug|Win32
		{E99AB508-1AF6-47DE-82D2-247BA4E817C8}.Release|x64.ActiveCfg = Release|x64
		{E99AB508-1AF6-47DE-82D2-247BA4E817C8}.Release|x64.Build.0 = Release|x64
		{E99AB508-1AF6-47DE-82D2-247BA4E817C8}.Release|x86.ActiveCfg = Release|Win32
		{E99AB508-1AF6-47DE-82D2-247BA4E817C8}.Release|x86.Build.0 = Release|Win32
		{EC37C220-2733-4582-B9DA-3057025DC3D8}.Debug|x64.ActiveCfg = Debug|x64
		{EC37C220-2733-4582-B9DA-3057025DC3D8}.Debug|x64.Build.0 = Debug|x64
		{EC37C220-2733-4582-B9DA-3057025DC3D8}.Debug|x86.ActiveCfg = Debug|Win32
		{EC37C220-2733-4582-B9DA-3057025DC3D8}.Debug|x86.Build.0 = Debug|Win32
		{EC37C220-2733-4582-B9DA-3057025DC3D8}.Release|x64.ActiveCfg = Release|x64
		{EC37C220-2733-4582-B9DA-3057025DC3D8}.Release|x64.Build.0 = Release|x64
		{EC37C220-2733-4582-B9DA-3057025DC3D8}.Release|x86.ActiveCfg = Release|Win32
		{EC37C220-2733-4582-B9DA-3057025DC3D8}.Release|x86.Build.0 = Release|Win32
		{F9C72F52-C3E6-4767-BD9E-D3972695ADA2}.Debug|x64.ActiveCfg = Debug|x64
		{F9C72F52-C3E6-4767-BD9E-D3972695ADA2}.Debug|x64.Build.0 = Debug|x64
		{F9C72F52-C3E6-4767-BD9E-D3972695ADA2}.Debug|x86.ActiveCfg = Debug|Win32
		{F9C72F52-C3E6-4767-BD9E-D3972695ADA2}.Debug|x86.Build.0 = Debug|Win32
		{F9C72F52-C3E6-4767-BD9E-D3972695ADA2}.Release|x64.ActiveCfg = Release|x64
		{F9C72F52-C3E6-4767-BD9E-D3972695ADA2}.Release|x64.Build.0 = Release|x64
		{F9C72F52-C3E6-4767-BD9E-D3972695ADA2}.Release|x86.ActiveCfg = Release|Win32
		{F9C72F52-C3E6-4767-BD9E-D3972695ADA2}.Release|x86.Build.0 = Release|Win32
		{5737818B-B69A-4862-8144-F61E6B2CD370}.Debug|x64.ActiveCfg = Debug|x64
		{5737818B-B69A-4862-8144-F61E6B2CD370}.Debug|x64.Build.0 = Debug|x64
		{5737818B-B69A-4862-8144-F61E6B2CD370}.Debug|x86.ActiveCfg = Debug|Win32
		{5737818B-B69A-4862-8144-F61E6B2CD370}.Debug|x86.Build.0 = Debug|Win32
		{5737818B-B69A-4862-8144-F61E6B2CD370}.Release|x64.ActiveCfg = Release|x64
		{5737818B-B69A-4862-8144-F61E6B2CD370}.Release|x64.Build.0 = Release|x64
		{5737818B-B69A-4862-8144-F61E6B2CD370}.Release|x86.ActiveCfg = Release|Win32
		{5737818B-B69A-4862-8144-F61E6B2CD370}.Release|x86.Build.0 = Release|Win32
		{A481DB5C-00BE-4129-9A9B-5E2DEA437C27}.Debug|x64.ActiveCfg = Debug|x64
		{A481DB5C-00BE-4129-9A9B-5E2DEA437C27}.Debug|x64.Build.0 = Debug|x64
		{A481DB5C-00BE-4129-9A9B-5E2DEA437C27}.Debug|x86.ActiveCfg = Debug|Win32
		{A481DB5C-00BE-4129-9A9B-5E2DEA437C27}.Debug|x86.Build.0 = Debug|Win32
		{A481DB5C-00BE-4129-9A9B-5E2DEA437C27}.Release|x64.ActiveCfg = Release|x64
		{A481DB5C-00BE-4129-9A9B-5E2DEA437C27}.Release|x64.Build.0 = Release|x64
		{A481DB5C-00BE-4129-9A9B-5E2DEA437C27}.Release|x86.ActiveCfg = Release|Win32
		{A481DB5C-00BE-4129-9A9B-5E2DEA437C27}.Release|x86.Build.0 = Release|Win32
		{F9FF4258-A80B-4E84-9BDD-2BB7DB06DC74}.Debug|x64.ActiveCfg = Debug|x64
		{F9FF4258-A80B-4E84-9BDD-2BB7DB06DC74}.Debug|x64.Build.0 = Debug|x64
		{F9FF4258-A80B-4E84-9BDD-2BB7DB06DC74}.Debug|x86.ActiveCfg = Debug|Win32
		{F9FF4258-A80B-4E84-9BDD-2BB7DB06DC74}.Debug|x86.Build.0 = Debug|Win32
		{F9FF4258-A80B-4E84-9BDD-2BB7DB06DC74}.Release|x64.ActiveCfg = Release|x64
		{F9FF4258-A80B-4E84-9BDD-2BB7DB06DC74}.Release|x64.Build.0 = Release|x64
		{F9FF4258-A80B-4E84-9BDD-2BB7DB06DC74}.Release|x86.ActiveCfg = Release|Win32
		{F9FF4258-A80B-4E84-9BDD-2BB7DB06DC74}.Release|x86.Build.0 = Release|Win32
		{5A848269-89AA-481C-972C-12954DA97BE9}.Debug|x64.ActiveCfg = Debug|x64
		{5A848269-89AA-481C-972C-12954DA97BE9}.Debug|x64.Build.0 = Debug|x64
		{5A848269-89AA-481C-972C-12954DA97BE9}.Debug|x86.ActiveCfg = Debug|Win32
		{5A848269-89AA-481C-972C-12954DA97BE9}.Debug|x86.Build.0 = Debug|Win32
		{5A848269-89AA-481C-972C-12954DA97BE9}.Release|x64.ActiveCfg = Release|x64
		{5A848269-89AA-481C-972C-12954DA97BE9}.Release|x64.Build.0 = Release|x64
		{5A848269-89AA-481C-972C-12954DA97BE9}.Release|x86.ActiveCfg = Release|Win32
		{5A848269-89AA-481C-972C-12954DA97BE9}.Release|x86.Build.0 = Release|Win32
		{0D503A09-25EF-45A6-8EF3-D6D83EF574A7}.Debug|x64.ActiveCfg = Debug|x64
		{0D503A09-25EF-45A6-8EF3-D6D83EF574A7}.Debug|x64.Build.0 = Debug|x64
		{0D503A09-25EF-45A6-8EF3-D6D83EF574A7}.Debug|x86.ActiveCfg = Debug|Win32
		{0D503A09-25EF-45A6-8EF3-D6D83EF574A7}.Debug|x86.Build.0 = Debug|Win32
		{0D503A09-25EF-45A6-8EF3-D6D83EF574A7}.Release|x64.ActiveCfg = Release|x64
		{0D503A09-25EF-45A6-8EF3-D6D83EF574A7}.Release|x64.Build.0 = Release|x64
		{0D503A09-25EF-45A6-8EF3-D6D83EF574A7}.Release|x86.ActiveCfg = Release|Win32
		{0D503A09-25EF-45A6-8EF3-D6D83EF574A7}.Release|x86.Build.0 = Release|Win32
		{FD6EE36C-C392-470D-8B44-D11CCB919B1D}.Debug|x64.ActiveCfg = Debug|x64
		{FD6EE36C-C392-470D-8B44-D11CCB919B1D}.Debug|x64.Build.0 = Debug|x64
		{FD6EE36C-C392-470D-8B44-D11CCB919B1D}.Debug|x86.ActiveCfg = Debug|Win32
		{FD6EE36C-C392-470D-8B44-D11CCB919B1D}.Debug|x86.Build.0 = Debug|Win32
		{FD6EE36C-C392-470D-8B44-D11CCB919B1D}.Release|x64.ActiveCfg = Release|x64
		{FD6EE36C-C392-470D-8B44-D11CCB919B1D}.Release|x64.Build.0 = Release|x64
		{FD6EE36C-C392-470D-8B44-D11CCB919B1D}.Release|x86.ActiveCfg = Release|Win32
		{FD6EE36C-C392-470D-8B44-D11CCB919B1D}.Release|x86.Build.0 = Release|Win32
		{8C4204EB-720F-4125-9585-528C9FF70A7F}.Debug|x64.ActiveCfg = Debug|x64
		{8C4204EB-720F-4125-9585-528C9FF70A7F}.Debug|x64.Build.0 = Debug|x64
		{8C4204EB-720F-4125-9585-528C9FF70A7F}.Debug|x86.ActiveCfg = Debug|Win32
		{8C4204EB-720F-4125-9585-528C9FF70A7F}.Debug|x86.Build.0 = Debug|Win32
		{8C4204EB-720F-4125-9585-528C9FF70A7F}.Release|x64.ActiveCfg = Release|x64
		{8C4204EB-720F-4125-9585-528C9FF70A7F}.Release|x64.Build.0 = Release|x64
		{8C4204EB-720F-4125-9585-528C9FF70A7F}.Release|x86.ActiveCfg = Release|Win32
		{8C4204EB-720F-4125-9585-528C9FF70A7F}.Release|x86.Build.0 = Release|Win32
		{62FDA90E-B583-4DC4-87E5-5169576A8E50}.Debug|x64.ActiveCfg = Debug|x64
		{62FDA90E-B583-4DC4-87E5-5169576A8E50}.Debug|x64.Build.0 = Debug|x64
		{62FDA90E-B583-4DC4-87E5-5169576A8E50}.Debug|x86.ActiveCfg = Debug|Win32
		{62FDA90E-B583-4DC4-87E5-5169576A8E50}.Debug|x86.Build.0 = Debug|Win32
		{62FDA90E-B583-4DC4-87E5-5169576A8E50}.Release|x64.ActiveCfg = Release|x64
		{62FDA90E-B583-4DC4-87E5-5169576A8E50}.Release|x64.Build.0 = Release|x64
		{62FDA90E-B583-4DC4-87E5-5169576A8E50}.Release|x86.ActiveCfg = Release|Win32
		{62FDA90E-B583-4DC4-87E5-5169576A8E50}.Release|x86.Build.0 = Release|Win32
		{F00515EE-F33C-4B1A-A995-34CD7A302E66}.Debug|x64.ActiveCfg = Debug|x64
		{F00515EE-F33C-4B1A-A995-34CD7A302E66}.Debug|x64.Build.0 = Debug|x64
		{F00515EE-F33C-4B1A-A995-34CD7A302E66}.Debug|x86.ActiveCfg = Debug|Win32
		{F00515EE-F33C-4B1A-A995-34CD7A302E66}.Debug|x86.Build.0 = Debug|Win32
		{F00515EE-F33C-4B1A-A995-34CD7A302E66}.Release|x64.ActiveCfg = Release|x64
		{F00515EE-F33C-4B1A-A995-34CD7A302E66}.Release|x64.Build.0 = Release|x64
		{F00515EE-F33C-4B1A-A995-34CD7A302E66}.Release|x86.ActiveCfg = Release|Win32
		{F00515EE-F33C-4B1A-A995-34CD7A302E66}.Release|x86.Build.0 = Release|Win32
		{1D76E422-31E6-4AC1-92D7-3A4AEA191AC8}.Debug|x64.ActiveCfg = Debug|x64
		{1D76E422-31E6-4AC1-92D7-3A4AEA191AC8}.Debug|x64.Build.0 = Debug|x64
		{1D76E422-31E6-4AC1-92D7-3A4AEA191AC8}.Debug|x86.ActiveCfg = Debug|Win32
		{1D76E422-31E6-4AC1-92D7-3A4AEA191AC8}.Debug|x86.Build.0 = Debug|Win32
		{1D76E422-31E6-4AC1-92D7-3A4AEA191AC8}.Release|x64.ActiveCfg = Release|x64
		{1D76E422-31E6-4AC1-92D7-3A4AEA191AC8}.Release|x64.Build.0 = Release|x64
		{1D76E422-31E6-4AC1-92D7-3A4AEA191AC8}.Release|x86.ActiveCfg = Release|Win32
		{1D76E422-31E6-4AC1-92D7-3A4AEA191AC8}.Release|x86.Build.0 = Release|Win32
	EndGlobalSection
	GlobalSection(SolutionProperties) = preSolution
		HideSolutionNode = FALSE
	EndGlobalSection
	GlobalSection(ExtensibilityGlobals) = postSolution
		SolutionGuid = {8B19F1BA-4F8A-4475-B50E-D7E14D032471}
	EndGlobalSection
EndGlobal
